
Microsoft Visual Studio Solution File, Format Version 12.00
# Visual Studio Version 16
VisualStudioVersion = 16.0.31729.503
MinimumVisualStudioVersion = 10.0.40219.1
Project("{9A19103F-16F7-4668-BE54-9A1E7A4F7556}") = "ReadText", "WhileLoopLab\ReadText.csproj", "{E0B9E268-E0DA-4DBA-8882-B2D6A3717182}"
EndProject
Project("{FAE04EC0-301F-11D3-BF4B-00C04F79EFBC}") = "Password", "Password\Password.csproj", "{5A7AE35A-1516-423A-B8F8-C3B94FCD7284}"
EndProject
Project("{FAE04EC0-301F-11D3-BF4B-00C04F79EFBC}") = "SumNumbers", "SumNumbers\SumNumbers.csproj", "{A11F4D49-8596-4714-8CD8-4A6B7299FED2}"
EndProject
Project("{FAE04EC0-301F-11D3-BF4B-00C04F79EFBC}") = "Sequence2K+1", "Sequence2K+1\Sequence2K+1.csproj", "{D813047D-CDDE-4DB3-8714-AFE011B9B5D2}"
EndProject
Project("{FAE04EC0-301F-11D3-BF4B-00C04F79EFBC}") = "AccountBallance", "AccountBallance\AccountBallance.csproj", "{BBFB2685-246E-4A70-AF9F-20FFFDB0CC4B}"
EndProject
Project("{FAE04EC0-301F-11D3-BF4B-00C04F79EFBC}") = "MaxNumber", "MaxNumber\MaxNumber.csproj", "{C1619029-0C3D-41C8-8A10-C1BA4B5AE6E6}"
EndProject
Project("{FAE04EC0-301F-11D3-BF4B-00C04F79EFBC}") = "MinNumber", "MinNumber\MinNumber.csproj", "{E9A7DF44-304F-47DE-A176-B4B082D6A6A5}"
EndProject
Project("{FAE04EC0-301F-11D3-BF4B-00C04F79EFBC}") = "Graduation", "Graduation\Graduation.csproj", "{C46908DB-33FE-4758-B3B8-C0E55A4BCE3D}"
EndProject
Global
	GlobalSection(SolutionConfigurationPlatforms) = preSolution
		Debug|Any CPU = Debug|Any CPU
		Release|Any CPU = Release|Any CPU
	EndGlobalSection
	GlobalSection(ProjectConfigurationPlatforms) = postSolution
		{E0B9E268-E0DA-4DBA-8882-B2D6A3717182}.Debug|Any CPU.ActiveCfg = Debug|Any CPU
		{E0B9E268-E0DA-4DBA-8882-B2D6A3717182}.Debug|Any CPU.Build.0 = Debug|Any CPU
		{E0B9E268-E0DA-4DBA-8882-B2D6A3717182}.Release|Any CPU.ActiveCfg = Release|Any CPU
		{E0B9E268-E0DA-4DBA-8882-B2D6A3717182}.Release|Any CPU.Build.0 = Release|Any CPU
		{5A7AE35A-1516-423A-B8F8-C3B94FCD7284}.Debug|Any CPU.ActiveCfg = Debug|Any CPU
		{5A7AE35A-1516-423A-B8F8-C3B94FCD7284}.Debug|Any CPU.Build.0 = Debug|Any CPU
		{5A7AE35A-1516-423A-B8F8-C3B94FCD7284}.Release|Any CPU.ActiveCfg = Release|Any CPU
		{5A7AE35A-1516-423A-B8F8-C3B94FCD7284}.Release|Any CPU.Build.0 = Release|Any CPU
		{A11F4D49-8596-4714-8CD8-4A6B7299FED2}.Debug|Any CPU.ActiveCfg = Debug|Any CPU
		{A11F4D49-8596-4714-8CD8-4A6B7299FED2}.Debug|Any CPU.Build.0 = Debug|Any CPU
		{A11F4D49-8596-4714-8CD8-4A6B7299FED2}.Release|Any CPU.ActiveCfg = Release|Any CPU
		{A11F4D49-8596-4714-8CD8-4A6B7299FED2}.Release|Any CPU.Build.0 = Release|Any CPU
		{D813047D-CDDE-4DB3-8714-AFE011B9B5D2}.Debug|Any CPU.ActiveCfg = Debug|Any CPU
		{D813047D-CDDE-4DB3-8714-AFE011B9B5D2}.Debug|Any CPU.Build.0 = Debug|Any CPU
		{D813047D-CDDE-4DB3-8714-AFE011B9B5D2}.Release|Any CPU.ActiveCfg = Release|Any CPU
		{D813047D-CDDE-4DB3-8714-AFE011B9B5D2}.Release|Any CPU.Build.0 = Release|Any CPU
		{BBFB2685-246E-4A70-AF9F-20FFFDB0CC4B}.Debug|Any CPU.ActiveCfg = Debug|Any CPU
		{BBFB2685-246E-4A70-AF9F-20FFFDB0CC4B}.Debug|Any CPU.Build.0 = Debug|Any CPU
		{BBFB2685-246E-4A70-AF9F-20FFFDB0CC4B}.Release|Any CPU.ActiveCfg = Release|Any CPU
		{BBFB2685-246E-4A70-AF9F-20FFFDB0CC4B}.Release|Any CPU.Build.0 = Release|Any CPU
		{C1619029-0C3D-41C8-8A10-C1BA4B5AE6E6}.Debug|Any CPU.ActiveCfg = Debug|Any CPU
		{C1619029-0C3D-41C8-8A10-C1BA4B5AE6E6}.Debug|Any CPU.Build.0 = Debug|Any CPU
		{C1619029-0C3D-41C8-8A10-C1BA4B5AE6E6}.Release|Any CPU.ActiveCfg = Release|Any CPU
		{C1619029-0C3D-41C8-8A10-C1BA4B5AE6E6}.Release|Any CPU.Build.0 = Release|Any CPU
		{E9A7DF44-304F-47DE-A176-B4B082D6A6A5}.Debug|Any CPU.ActiveCfg = Debug|Any CPU
		{E9A7DF44-304F-47DE-A176-B4B082D6A6A5}.Debug|Any CPU.Build.0 = Debug|Any CPU
		{E9A7DF44-304F-47DE-A176-B4B082D6A6A5}.Release|Any CPU.ActiveCfg = Release|Any CPU
		{E9A7DF44-304F-47DE-A176-B4B082D6A6A5}.Release|Any CPU.Build.0 = Release|Any CPU
		{C46908DB-33FE-4758-B3B8-C0E55A4BCE3D}.Debug|Any CPU.ActiveCfg = Debug|Any CPU
		{C46908DB-33FE-4758-B3B8-C0E55A4BCE3D}.Debug|Any CPU.Build.0 = Debug|Any CPU
		{C46908DB-33FE-4758-B3B8-C0E55A4BCE3D}.Release|Any CPU.ActiveCfg = Release|Any CPU
		{C46908DB-33FE-4758-B3B8-C0E55A4BCE3D}.Release|Any CPU.Build.0 = Release|Any CPU
	EndGlobalSection
	GlobalSection(SolutionProperties) = preSolution
		HideSolutionNode = FALSE
	EndGlobalSection
	GlobalSection(ExtensibilityGlobals) = postSolution
		SolutionGuid = {D71B6DF0-55EF-41EE-A654-55B0BFF09162}
	EndGlobalSection
EndGlobal
